# THIS IS AN AUTOGENERATED FILE. DO NOT EDIT THIS FILE DIRECTLY.
# yarn lockfile v1


"@faker-js/faker@^10.4.0":
  version "10.4.0"
  resolved "https://registry.npmjs.org/@faker-js/faker/-/faker-10.4.0.tgz"
  integrity sha512-sDBWI3yLy8EcDzgobvJTWq1MJYzAkQdpjXuPukga9wXonhpMRvd1Izuo2Qgwey2OiEoRIBr35RMU9HJRoOHzpw==

"@playwright/test@^1.61.1":
  version "1.61.1"
  resolved "https://registry.npmjs.org/@playwright/test/-/test-1.61.1.tgz"
  integrity sha512-8nKv6+0RJSL9FE4jYOEGXnPeM/Hg12qZpmqzZjRh3qM0Y7c3z1mrOTfFLids72RDQYVh9WpLEfR5WdpNX4fkig==
  dependencies:
    playwright "1.61.1"

"@types/node@^24.7.2":
  version "24.7.2"
  resolved "https://registry.npmjs.org/@types/node/-/node-24.7.2.tgz"
  integrity sha512-/NbVmcGTP+lj5oa4yiYxxeBjRivKQ5Ns1eSZeB99ExsEQ6rX5XYU1Zy/gGxY/ilqtD4Etx9mKyrPxZRetiahhA==
  dependencies:
    undici-types "~7.14.0"

dotenv@^17.4.2:
  version "17.4.2"
  resolved "https://registry.npmjs.org/dotenv/-/dotenv-17.4.2.tgz"
  integrity sha512-nI4U3TottKAcAD9LLud4Cb7b2QztQMUEfHbvhTH09bqXTxnSie8WnjPALV/WMCrJZ6UV/qHJ6L03OqO3LcdYZw==

faker-br@^0.4.1:
  version "0.4.1"
  resolved "https://registry.npmjs.org/faker-br/-/faker-br-0.4.1.tgz"
  integrity sha512-uTAynWKxq9pA9TV5/AilYxjwxLIDyXDww1r7hsoADFYTdDXoBpP9WOz0PvcDxF+ya7cIX08VOAN2n2dDaRtVkQ==

playwright-core@1.61.1:
  version "1.61.1"
  resolved "https://registry.npmjs.org/playwright-core/-/playwright-core-1.61.1.tgz"
  integrity sha512-h7Qlt6m4REp25qvIdvbDtVmD4LqVXfpRxhORv9L0jzETM05p4fuPJ3dKyuSXQxDSbXnmS79HAgi9589lGSpLkg==

playwright@1.61.1:
  version "1.61.1"
  resolved "https://registry.npmjs.org/playwright/-/playwright-1.61.1.tgz"
  integrity sha512-DWnY5o3YbLWK4GovuAVwpqL+1VwGNdUGrRr++8j8PtQQzvAVZUIMjKQ90fY689sEJZJBbZVw1rXaOKSTitkzPQ==
  dependencies:
    playwright-core "1.61.1"
  optionalDependencies:
    fsevents "2.3.2"

undici-types@~7.14.0:
  version "7.14.0"
  resolved "https://registry.npmjs.org/undici-types/-/undici-types-7.14.0.tgz"
  integrity sha512-QQiYxHuyZ9gQUIrmPo3IA+hUl4KYk8uSA7cHrcKd/l3p1OTpZcM0Tbp9x7FAtXdAYhlasd60ncPpgu6ihG6TOA==
